
Microsoft Visual Studio Solution File, Format Version 12.00
Project("{FAE04EC0-301F-11D3-BF4B-00C04F79EFBC}") = "VirtualGuard.Runtime", "VirtualGuard.Runtime\VirtualGuard.Runtime.csproj", "{306D13A9-9B8B-4D39-8AE8-2870EC0C23A6}"
EndProject
Project("{FAE04EC0-301F-11D3-BF4B-00C04F79EFBC}") = "VirtualGuard.CLI", "VirtualGuard.CLI\VirtualGuard.CLI.csproj", "{8F2BA234-6441-4F04-9A33-F626D14BE084}"
EndProject
Project("{FAE04EC0-301F-11D3-BF4B-00C04F79EFBC}") = "VirtualGuard", "VirtualGuard\VirtualGuard.csproj", "{0034D005-420A-4ACE-8086-F02B17C6C670}"
EndProject
Project("{FAE04EC0-301F-11D3-BF4B-00C04F79EFBC}") = "VirtualGuard.SDK", "VirtualGuard.SDK\VirtualGuard.SDK.csproj", "{0887E1C7-C674-4F8D-BAFE-756A17E6290B}"
EndProject
Project("{2150E333-8FDC-42A3-9474-1A3956D46DE8}") = "Echo", "Echo", "{D485778C-9C05-45F5-B03A-08F6AFE97CF9}"
EndProject
Global
	GlobalSection(SolutionConfigurationPlatforms) = preSolution
		Debug|Any CPU = Debug|Any CPU
		Release|Any CPU = Release|Any CPU
	EndGlobalSection
	GlobalSection(ProjectConfigurationPlatforms) = postSolution
		{306D13A9-9B8B-4D39-8AE8-2870EC0C23A6}.Debug|Any CPU.ActiveCfg = Debug|Any CPU
		{306D13A9-9B8B-4D39-8AE8-2870EC0C23A6}.Debug|Any CPU.Build.0 = Debug|Any CPU
		{306D13A9-9B8B-4D39-8AE8-2870EC0C23A6}.Release|Any CPU.ActiveCfg = Release|Any CPU
		{306D13A9-9B8B-4D39-8AE8-2870EC0C23A6}.Release|Any CPU.Build.0 = Release|Any CPU
		{8F2BA234-6441-4F04-9A33-F626D14BE084}.Debug|Any CPU.ActiveCfg = Debug|Any CPU
		{8F2BA234-6441-4F04-9A33-F626D14BE084}.Debug|Any CPU.Build.0 = Debug|Any CPU
		{8F2BA234-6441-4F04-9A33-F626D14BE084}.Release|Any CPU.ActiveCfg = Release|Any CPU
		{8F2BA234-6441-4F04-9A33-F626D14BE084}.Release|Any CPU.Build.0 = Release|Any CPU
		{0034D005-420A-4ACE-8086-F02B17C6C670}.Debug|Any CPU.ActiveCfg = Debug|Any CPU
		{0034D005-420A-4ACE-8086-F02B17C6C670}.Debug|Any CPU.Build.0 = Debug|Any CPU
		{0034D005-420A-4ACE-8086-F02B17C6C670}.Release|Any CPU.ActiveCfg = Release|Any CPU
		{0034D005-420A-4ACE-8086-F02B17C6C670}.Release|Any CPU.Build.0 = Release|Any CPU
		{0887E1C7-C674-4F8D-BAFE-756A17E6290B}.Debug|Any CPU.ActiveCfg = Debug|Any CPU
		{0887E1C7-C674-4F8D-BAFE-756A17E6290B}.Debug|Any CPU.Build.0 = Debug|Any CPU
		{0887E1C7-C674-4F8D-BAFE-756A17E6290B}.Release|Any CPU.ActiveCfg = Release|Any CPU
		{0887E1C7-C674-4F8D-BAFE-756A17E6290B}.Release|Any CPU.Build.0 = Release|Any CPU
	EndGlobalSection
	GlobalSection(NestedProjects) = preSolution
	EndGlobalSection
EndGlobal
